{
  "name": "IMS-WEB",
  "lockfileVersion": 3,
  "requires": true,
  "packages": {
    "": {
      "dependencies": {
        "@zxing/browser": "^0.1.5",
        "@zxing/library": "^0.21.3",
        "@zxing/ngx-scanner": "^20.0.0"
      }
    },
    "node_modules/@angular/common": {
      "version": "20.3.19",
      "resolved": "https://registry.npmjs.org/@angular/common/-/common-20.3.19.tgz",
      "integrity": "sha512-hcB1eUEN8LGcKGc4DlRJ+abS6AYfbEHDZKg8LnXNugkbwI6Ebyh2AUYTDhzZL2S4aH+C8biHKgSYHFCqieCRhA==",
      "license": "MIT",
      "peer": true,
      "dependencies": {
        "tslib": "^2.3.0"
      },
      "engines": {
        "node": "^20.19.0 || ^22.12.0 || >=24.0.0"
      },
      "peerDependencies": {
        "@angular/core": "20.3.19",
        "rxjs": "^6.5.3 || ^7.4.0"
      }
    },
    "node_modules/@angular/core": {
      "version": "20.3.19",
      "resolved": "https://registry.npmjs.org/@angular/core/-/core-20.3.19.tgz",
      "integrity": "sha512-SYnwW+q51bQoPtGFoGovm1P5GK9fMEXsG0lGaEAUapjskblAYyX7hLlM/jgueSojv2SjhqNF8aXR+gjHLhZVNA==",
      "license": "MIT",
      "peer": true,
      "dependencies": {
        "tslib": "^2.3.0"
      },
      "engines": {
        "node": "^20.19.0 || ^22.12.0 || >=24.0.0"
      },
      "peerDependencies": {
        "@angular/compiler": "20.3.19",
        "rxjs": "^6.5.3 || ^7.4.0",
        "zone.js": "~0.15.0"
      },
      "peerDependenciesMeta": {
        "@angular/compiler": {
          "optional": true
        },
        "zone.js": {
          "optional": true
        }
      }
    },
    "node_modules/@angular/forms": {
      "version": "20.3.19",
      "resolved": "https://registry.npmjs.org/@angular/forms/-/forms-20.3.19.tgz",
      "integrity": "sha512-WJotd+Lhl4FG2b0K+aQNyQDHhR515zKCuphjiUqEW7sifWrOQxANLKzPBngGrH75ayANFgPaDf7U3ZRIoblcQA==",
      "license": "MIT",
      "peer": true,
      "dependencies": {
        "tslib": "^2.3.0"
      },
      "engines": {
        "node": "^20.19.0 || ^22.12.0 || >=24.0.0"
      },
      "peerDependencies": {
        "@angular/common": "20.3.19",
        "@angular/core": "20.3.19",
        "@angular/platform-browser": "20.3.19",
        "rxjs": "^6.5.3 || ^7.4.0"
      }
    },
    "node_modules/@angular/platform-browser": {
      "version": "20.3.19",
      "resolved": "https://registry.npmjs.org/@angular/platform-browser/-/platform-browser-20.3.19.tgz",
      "integrity": "sha512-TRZfatH1B/kreDwFRwtpLEurJQ6044qh6DWpvxzTbugaG5otLQJKTk+1z81/KsJwQqc1+24v+yuywc1LM7aq7w==",
      "license": "MIT",
      "peer": true,
      "dependencies": {
        "tslib": "^2.3.0"
      },
      "engines": {
        "node": "^20.19.0 || ^22.12.0 || >=24.0.0"
      },
      "peerDependencies": {
        "@angular/animations": "20.3.19",
        "@angular/common": "20.3.19",
        "@angular/core": "20.3.19"
      },
      "peerDependenciesMeta": {
        "@angular/animations": {
          "optional": true
        }
      }
    },
    "node_modules/@zxing/browser": {
      "version": "0.1.5",
      "resolved": "https://registry.npmjs.org/@zxing/browser/-/browser-0.1.5.tgz",
      "integrity": "sha512-4Lmrn/il4+UNb87Gk8h1iWnhj39TASEHpd91CwwSJtY5u+wa0iH9qS0wNLAWbNVYXR66WmT5uiMhZ7oVTrKfxw==",
      "license": "MIT",
      "optionalDependencies": {
        "@zxing/text-encoding": "^0.9.0"
      },
      "peerDependencies": {
        "@zxing/library": "^0.21.0"
      }
    },
    "node_modules/@zxing/library": {
      "version": "0.21.3",
      "resolved": "https://registry.npmjs.org/@zxing/library/-/library-0.21.3.tgz",
      "integrity": "sha512-hZHqFe2JyH/ZxviJZosZjV+2s6EDSY0O24R+FQmlWZBZXP9IqMo7S3nb3+2LBWxodJQkSurdQGnqE7KXqrYgow==",
      "license": "MIT",
      "dependencies": {
        "ts-custom-error": "^3.2.1"
      },
      "engines": {
        "node": ">= 10.4.0"
      },
      "optionalDependencies": {
        "@zxing/text-encoding": "~0.9.0"
      }
    },
    "node_modules/@zxing/ngx-scanner": {
      "version": "20.0.0",
      "resolved": "https://registry.npmjs.org/@zxing/ngx-scanner/-/ngx-scanner-20.0.0.tgz",
      "integrity": "sha512-ac2yr/kQWX2l4LoZ3tbYVc3DevvhAl5zaqtfOdBccinaytwkuBxaY7+WIp+wjV3p35SkDxBXkM2dFjU+f7ZyPg==",
      "license": "MIT",
      "dependencies": {
        "tslib": "^2.3.0"
      },
      "peerDependencies": {
        "@angular/common": "^11.2.11 || ^12.0.4 || ^13.0.0 || ^14.0.0 || ^15.0.0 || ^16.0.0 || ^17.0.0 || ^18.0.0 || ^19.0.0 || ^20.0.0",
        "@angular/core": "^11.2.11 || ^12.0.4 || ^13.0.0 || ^14.0.0 || ^15.0.0 || ^16.0.0 || ^17.0.0 || ^18.0.0 || ^19.0.0 || ^20.0.0",
        "@angular/forms": "^11.2.11 || ^12.0.4 || ^13.0.0 || ^14.0.0 || ^15.0.0 || ^16.0.0 || ^17.0.0 || ^18.0.0 || ^19.0.0 || ^20.0.0",
        "@zxing/browser": "^0.1.4",
        "@zxing/library": "^0.21.0",
        "rxjs": "^6.6.3 || ^7.0.0"
      }
    },
    "node_modules/@zxing/text-encoding": {
      "version": "0.9.0",
      "resolved": "https://registry.npmjs.org/@zxing/text-encoding/-/text-encoding-0.9.0.tgz",
      "integrity": "sha512-U/4aVJ2mxI0aDNI8Uq0wEhMgY+u4CNtEb0om3+y3+niDAsoTCOB33UF0sxpzqzdqXLqmvc+vZyAt4O8pPdfkwA==",
      "license": "(Unlicense OR Apache-2.0)",
      "optional": true
    },
    "node_modules/rxjs": {
      "version": "7.8.2",
      "resolved": "https://registry.npmjs.org/rxjs/-/rxjs-7.8.2.tgz",
      "integrity": "sha512-dhKf903U/PQZY6boNNtAGdWbG85WAbjT/1xYoZIC7FAY0yWapOBQVsVrDl58W86//e1VpMNBtRV4MaXfdMySFA==",
      "license": "Apache-2.0",
      "peer": true,
      "dependencies": {
        "tslib": "^2.1.0"
      }
    },
    "node_modules/ts-custom-error": {
      "version": "3.3.1",
      "resolved": "https://registry.npmjs.org/ts-custom-error/-/ts-custom-error-3.3.1.tgz",
      "integrity": "sha512-5OX1tzOjxWEgsr/YEUWSuPrQ00deKLh6D7OTWcvNHm12/7QPyRh8SYpyWvA4IZv8H/+GQWQEh/kwo95Q9OVW1A==",
      "license": "MIT",
      "engines": {
        "node": ">=14.0.0"
      }
    },
    "node_modules/tslib": {
      "version": "2.8.1",
      "resolved": "https://registry.npmjs.org/tslib/-/tslib-2.8.1.tgz",
      "integrity": "sha512-oJFu94HQb+KVduSUQL7wnpmqnfmLsOA/nAh6b6EH0wCEoK0/mPeXU6c3wKDV83MkOuHPRHtSXKKU99IBazS/2w==",
      "license": "0BSD"
    }
  }
}
